// !$*UTF8*$!
{
	archiveVersion = 1;
	classes = {
	};
	objectVersion = 46;
	objects = {

/* Begin PBXBuildFile section */
		63361EC41EC48C2F009CCA90 /* AppDelegate.swift in Sources */ = {isa = PBXBuildFile; fileRef = 63361EC31EC48C2F009CCA90 /* AppDelegate.swift */; };
		63361EC61EC48C2F009CCA90 /* ViewController.swift in Sources */ = {isa = PBXBuildFile; fileRef = 63361EC51EC48C2F009CCA90 /* ViewController.swift */; };
		63361EC91EC48C2F009CCA90 /* Main.storyboard in Resources */ = {isa = PBXBuildFile; fileRef = 63361EC71EC48C2F009CCA90 /* Main.storyboard */; };
		63361ECB1EC48C2F009CCA90 /* Assets.xcassets in Resources */ = {isa = PBXBuildFile; fileRef = 63361ECA1EC48C2F009CCA90 /* Assets.xcassets */; };
		63361ECE1EC48C2F009CCA90 /* LaunchScreen.storyboard in Resources */ = {isa = PBXBuildFile; fileRef = 63361ECC1EC48C2F009CCA90 /* LaunchScreen.storyboard */; };
		63361ED81EC48F0B009CCA90 /* FileHandler.swift in Sources */ = {isa = PBXBuildFile; fileRef = 63361ED71EC48F0B009CCA90 /* FileHandler.swift */; };
		63361EDA1EC4910A009CCA90 /* DiskSpaceHelper.swift in Sources */ = {isa = PBXBuildFile; fileRef = 63361ED91EC4910A009CCA90 /* DiskSpaceHelper.swift */; };
		63FAE79C1EE8F3450082940A /* winking_kitten.jpg in Resources */ = {isa = PBXBuildFile; fileRef = 63FAE79B1EE8F3450082940A /* winking_kitten.jpg */; };
		63FAE7A01EE90FDC0082940A /* UIImage+Blur.swift in Sources */ = {isa = PBXBuildFile; fileRef = 63FAE79F1EE90FDC0082940A /* UIImage+Blur.swift */; };
		63FAE7A21EE93AD60082940A /* AboutViewController.swift in Sources */ = {isa = PBXBuildFile; fileRef = 63FAE7A11EE93AD60082940A /* AboutViewController.swift */; };
/* End PBXBuildFile section */

/* Begin PBXFileReference section */
		63361EC01EC48C2F009CCA90 /* DiskFiller.app */ = {isa = PBXFileReference; explicitFileType = wrapper.application; includeInIndex = 0; path = DiskFiller.app; sourceTree = BUILT_PRODUCTS_DIR; };
		63361EC31EC48C2F009CCA90 /* AppDelegate.swift */ = {isa = PBXFileReference; lastKnownFileType = sourcecode.swift; path = AppDelegate.swift; sourceTree = "<group>"; };
		63361EC51EC48C2F009CCA90 /* ViewController.swift */ = {isa = PBXFileReference; lastKnownFileType = sourcecode.swift; path = ViewController.swift; sourceTree = "<group>"; };
		63361EC81EC48C2F009CCA90 /* Base */ = {isa = PBXFileReference; lastKnownFileType = file.storyboard; name = Base; path = Base.lproj/Main.storyboard; sourceTree = "<group>"; };
		63361ECA1EC48C2F009CCA90 /* Assets.xcassets */ = {isa = PBXFileReference; lastKnownFileType = folder.assetcatalog; path = Assets.xcassets; sourceTree = "<group>"; };
		63361ECD1EC48C2F009CCA90 /* Base */ = {isa = PBXFileReference; lastKnownFileType = file.storyboard; name = Base; path = Base.lproj/LaunchScreen.storyboard; sourceTree = "<group>"; };
		63361ECF1EC48C2F009CCA90 /* Info.plist */ = {isa = PBXFileReference; lastKnownFileType = text.plist.xml; path = Info.plist; sourceTree = "<group>"; };
		63361ED71EC48F0B009CCA90 /* FileHandler.swift */ = {isa = PBXFileReference; fileEncoding = 4; lastKnownFileType = sourcecode.swift; path = FileHandler.swift; sourceTree = "<group>"; };
		63361ED91EC4910A009CCA90 /* DiskSpaceHelper.swift */ = {isa = PBXFileReference; fileEncoding = 4; lastKnownFileType = sourcecode.swift; path = DiskSpaceHelper.swift; sourceTree = "<group>"; };
		63FAE79B1EE8F3450082940A /* winking_kitten.jpg */ = {isa = PBXFileReference; lastKnownFileType = image.jpeg; path = winking_kitten.jpg; sourceTree = "<group>"; };
		63FAE79F1EE90FDC0082940A /* UIImage+Blur.swift */ = {isa = PBXFileReference; fileEncoding = 4; lastKnownFileType = sourcecode.swift; path = "UIImage+Blur.swift"; sourceTree = "<group>"; };
		63FAE7A11EE93AD60082940A /* AboutViewController.swift */ = {isa = PBXFileReference; fileEncoding = 4; lastKnownFileType = sourcecode.swift; path = AboutViewController.swift; sourceTree = "<group>"; };
/* End PBXFileReference section */

/* Begin PBXFrameworksBuildPhase section */
		63361EBD1EC48C2F009CCA90 /* Frameworks */ = {
			isa = PBXFrameworksBuildPhase;
			buildActionMask = 2147483647;
			files = (
			);
			runOnlyForDeploymentPostprocessing = 0;
		};
/* End PBXFrameworksBuildPhase section */

/* Begin PBXGroup section */
		63361EB71EC48C2F009CCA90 = {
			isa = PBXGroup;
			children = (
				63361EC21EC48C2F009CCA90 /* DiskFiller */,
				63361EC11EC48C2F009CCA90 /* Products */,
			);
			sourceTree = "<group>";
		};
		63361EC11EC48C2F009CCA90 /* Products */ = {
			isa = PBXGroup;
			children = (
				63361EC01EC48C2F009CCA90 /* DiskFiller.app */,
			);
			name = Products;
			sourceTree = "<group>";
		};
		63361EC21EC48C2F009CCA90 /* DiskFiller */ = {
			isa = PBXGroup;
			children = (
				63361EC31EC48C2F009CCA90 /* AppDelegate.swift */,
				63361EC51EC48C2F009CCA90 /* ViewController.swift */,
				63FAE7A11EE93AD60082940A /* AboutViewController.swift */,
				63361ED71EC48F0B009CCA90 /* FileHandler.swift */,
				63361ED91EC4910A009CCA90 /* DiskSpaceHelper.swift */,
				63FAE79F1EE90FDC0082940A /* UIImage+Blur.swift */,
				63361EC71EC48C2F009CCA90 /* Main.storyboard */,
				63361ECA1EC48C2F009CCA90 /* Assets.xcassets */,
				63FAE79B1EE8F3450082940A /* winking_kitten.jpg */,
				63361ECC1EC48C2F009CCA90 /* LaunchScreen.storyboard */,
				63361ECF1EC48C2F009CCA90 /* Info.plist */,
			);
			path = DiskFiller;
			sourceTree = "<group>";
		};
/* End PBXGroup section */

/* Begin PBXNativeTarget section */
		63361EBF1EC48C2F009CCA90 /* DiskFiller */ = {
			isa = PBXNativeTarget;
			buildConfigurationList = 63361ED21EC48C2F009CCA90 /* Build configuration list for PBXNativeTarget "DiskFiller" */;
			buildPhases = (
				63361EBC1EC48C2F009CCA90 /* Sources */,
				63361EBD1EC48C2F009CCA90 /* Frameworks */,
				63361EBE1EC48C2F009CCA90 /* Resources */,
			);
			buildRules = (
			);
			dependencies = (
			);
			name = DiskFiller;
			productName = DiskFiller;
			productReference = 63361EC01EC48C2F009CCA90 /* DiskFiller.app */;
			productType = "com.apple.product-type.application";
		};
/* End PBXNativeTarget section */

/* Begin PBXProject section */
		63361EB81EC48C2F009CCA90 /* Project object */ = {
			isa = PBXProject;
			attributes = {
				LastSwiftUpdateCheck = 0830;
				LastUpgradeCheck = 0830;
				ORGANIZATIONNAME = "Field Apps";
				TargetAttributes = {
					63361EBF1EC48C2F009CCA90 = {
						CreatedOnToolsVersion = 8.3.2;
						ProvisioningStyle = Automatic;
					};
				};
			};
			buildConfigurationList = 63361EBB1EC48C2F009CCA90 /* Build configuration list for PBXProject "DiskFiller" */;
			compatibilityVersion = "Xcode 3.2";
			developmentRegion = English;
			hasScannedForEncodings = 0;
			knownRegions = (
				en,
				Base,
			);
			mainGroup = 63361EB71EC48C2F009CCA90;
			productRefGroup = 63361EC11EC48C2F009CCA90 /* Products */;
			projectDirPath = "";
			projectRoot = "";
			targets = (
				63361EBF1EC48C2F009CCA90 /* DiskFiller */,
			);
		};
/* End PBXProject section */

/* Begin PBXResourcesBuildPhase section */
		63361EBE1EC48C2F009CCA90 /* Resources */ = {
			isa = PBXResourcesBuildPhase;
			buildActionMask = 2147483647;
			files = (
				63361ECE1EC48C2F009CCA90 /* LaunchScreen.storyboard in Resources */,
				63FAE79C1EE8F3450082940A /* winking_kitten.jpg in Resources */,
				63361ECB1EC48C2F009CCA90 /* Assets.xcassets in Resources */,
				63361EC91EC48C2F009CCA90 /* Main.storyboard in Resources */,
			);
			runOnlyForDeploymentPostprocessing = 0;
		};
/* End PBXResourcesBuildPhase section */

/* Begin PBXSourcesBuildPhase section */
		63361EBC1EC48C2F009CCA90 /* Sources */ = {
			isa = PBXSourcesBuildPhase;
			buildActionMask = 2147483647;
			files = (
				63FAE7A21EE93AD60082940A /* AboutViewController.swift in Sources */,
				63361ED81EC48F0B009CCA90 /* FileHandler.swift in Sources */,
				63FAE7A01EE90FDC0082940A /* UIImage+Blur.swift in Sources */,
				63361EC61EC48C2F009CCA90 /* ViewController.swift in Sources */,
				63361EC41EC48C2F009CCA90 /* AppDelegate.swift in Sources */,
				63361EDA1EC4910A009CCA90 /* DiskSpaceHelper.swift in Sources */,
			);
			runOnlyForDeploymentPostprocessing = 0;
		};
/* End PBXSourcesBuildPhase section */

/* Begin PBXVariantGroup section */
		63361EC71EC48C2F009CCA90 /* Main.storyboard */ = {
			isa = PBXVariantGroup;
			children = (
				63361EC81EC48C2F009CCA90 /* Base */,
			);
			name = Main.storyboard;
			sourceTree = "<group>";
		};
		63361ECC1EC48C2F009CCA90 /* LaunchScreen.storyboard */ = {
			isa = PBXVariantGroup;
			children = (
				63361ECD1EC48C2F009CCA90 /* Base */,
			);
			name = LaunchScreen.storyboard;
			sourceTree = "<group>";
		};
/* End PBXVariantGroup section */

/* Begin XCBuildConfiguration section */
		63361ED01EC48C2F009CCA90 /* Debug */ = {
			isa = XCBuildConfiguration;
			buildSettings = {
				ALWAYS_SEARCH_USER_PATHS = NO;
				CLANG_ANALYZER_NONNULL = YES;
				CLANG_ANALYZER_NUMBER_OBJECT_CONVERSION = YES_AGGRESSIVE;
				CLANG_CXX_LANGUAGE_STANDARD = "gnu++0x";
				CLANG_CXX_LIBRARY = "libc++";
				CLANG_ENABLE_MODULES = YES;
				CLANG_ENABLE_OBJC_ARC = YES;
				CLANG_WARN_BOOL_CONVERSION = YES;
				CLANG_WARN_CONSTANT_CONVERSION = YES;
				CLANG_WARN_DIRECT_OBJC_ISA_USAGE = YES_ERROR;
				CLANG_WARN_DOCUMENTATION_COMMENTS = YES;
				CLANG_WARN_EMPTY_BODY = YES;
				CLANG_WARN_ENUM_CONVERSION = YES;
				CLANG_WARN_INFINITE_RECURSION = YES;
				CLANG_WARN_INT_CONVERSION = YES;
				CLANG_WARN_OBJC_ROOT_CLASS = YES_ERROR;
				CLANG_WARN_SUSPICIOUS_MOVE = YES;
				CLANG_WARN_UNREACHABLE_CODE = YES;
				CLANG_WARN__DUPLICATE_METHOD_MATCH = YES;
				"CODE_SIGN_IDENTITY[sdk=iphoneos*]" = "iPhone Developer";
				COPY_PHASE_STRIP = NO;
				DEBUG_INFORMATION_FORMAT = dwarf;
				ENABLE_STRICT_OBJC_MSGSEND = YES;
				ENABLE_TESTABILITY = YES;
				GCC_C_LANGUAGE_STANDARD = gnu99;
				GCC_DYNAMIC_NO_PIC = NO;
				GCC_NO_COMMON_BLOCKS = YES;
				GCC_OPTIMIZATION_LEVEL = 0;
				GCC_PREPROCESSOR_DEFINITIONS = (
					"DEBUG=1",
					"$(inherited)",
				);
				GCC_WARN_64_TO_32_BIT_CONVERSION = YES;
				GCC_WARN_ABOUT_RETURN_TYPE = YES_ERROR;
				GCC_WARN_UNDECLARED_SELECTOR = YES;
				GCC_WARN_UNINITIALIZED_AUTOS = YES_AGGRESSIVE;
				GCC_WARN_UNUSED_FUNCTION = YES;
				GCC_WARN_UNUSED_VARIABLE = YES;
				IPHONEOS_DEPLOYMENT_TARGET = 10.3;
				MTL_ENABLE_DEBUG_INFO = YES;
				ONLY_ACTIVE_ARCH = YES;
				SDKROOT = iphoneos;
				SWIFT_ACTIVE_COMPILATION_CONDITIONS = DEBUG;
				SWIFT_OPTIMIZATION_LEVEL = "-Onone";
				TARGETED_DEVICE_FAMILY = "1,2";
			};
			name = Debug;
		};
		63361ED11EC48C2F009CCA90 /* Release */ = {
			isa = XCBuildConfiguration;
			buildSettings = {
				ALWAYS_SEARCH_USER_PATHS = NO;
				CLANG_ANALYZER_NONNULL = YES;
				CLANG_ANALYZER_NUMBER_OBJECT_CONVERSION = YES_AGGRESSIVE;
				CLANG_CXX_LANGUAGE_STANDARD = "gnu++0x";
				CLANG_CXX_LIBRARY = "libc++";
				CLANG_ENABLE_MODULES = YES;
				CLANG_ENABLE_OBJC_ARC = YES;
				CLANG_WARN_BOOL_CONVERSION = YES;
				CLANG_WARN_CONSTANT_CONVERSION = YES;
				CLANG_WARN_DIRECT_OBJC_ISA_USAGE = YES_ERROR;
				CLANG_WARN_DOCUMENTATION_COMMENTS = YES;
				CLANG_WARN_EMPTY_BODY = YES;
				CLANG_WARN_ENUM_CONVERSION = YES;
				CLANG_WARN_INFINITE_RECURSION = YES;
				CLANG_WARN_INT_CONVERSION = YES;
				CLANG_WARN_OBJC_ROOT_CLASS = YES_ERROR;
				CLANG_WARN_SUSPICIOUS_MOVE = YES;
				CLANG_WARN_UNREACHABLE_CODE = YES;
				CLANG_WARN__DUPLICATE_METHOD_MATCH = YES;
				"CODE_SIGN_IDENTITY[sdk=iphoneos*]" = "iPhone Developer";
				COPY_PHASE_STRIP = NO;
				DEBUG_INFORMATION_FORMAT = "dwarf-with-dsym";
				ENABLE_NS_ASSERTIONS = NO;
				ENABLE_STRICT_OBJC_MSGSEND = YES;
				GCC_C_LANGUAGE_STANDARD = gnu99;
				GCC_NO_COMMON_BLOCKS = YES;
				GCC_WARN_64_TO_32_BIT_CONVERSION = YES;
				GCC_WARN_ABOUT_RETURN_TYPE = YES_ERROR;
				GCC_WARN_UNDECLARED_SELECTOR = YES;
				GCC_WARN_UNINITIALIZED_AUTOS = YES_AGGRESSIVE;
				GCC_WARN_UNUSED_FUNCTION = YES;
				GCC_WARN_UNUSED_VARIABLE = YES;
				IPHONEOS_DEPLOYMENT_TARGET = 10.3;
				MTL_ENABLE_DEBUG_INFO = NO;
				SDKROOT = iphoneos;
				SWIFT_OPTIMIZATION_LEVEL = "-Owholemodule";
				TARGETED_DEVICE_FAMILY = "1,2";
				VALIDATE_PRODUCT = YES;
			};
			name = Release;
		};
		63361ED31EC48C2F009CCA90 /* Debug */ = {
			isa = XCBuildConfiguration;
			buildSettings = {
				ASSETCATALOG_COMPILER_APPICON_NAME = AppIcon;
				DEVELOPMENT_TEAM = "";
				INFOPLIST_FILE = DiskFiller/Info.plist;
				IPHONEOS_DEPLOYMENT_TARGET = 9.0;
				LD_RUNPATH_SEARCH_PATHS = "$(inherited) @executable_path/Frameworks";
				PRODUCT_BUNDLE_IDENTIFIER = co.fieldapps.DiskFiller;
				PRODUCT_NAME = "$(TARGET_NAME)";
				SWIFT_VERSION = 3.0;
			};
			name = Debug;
		};
		63361ED41EC48C2F009CCA90 /* Release */ = {
			isa = XCBuildConfiguration;
			buildSettings = {
				ASSETCATALOG_COMPILER_APPICON_NAME = AppIcon;
				DEVELOPMENT_TEAM = "";
				INFOPLIST_FILE = DiskFiller/Info.plist;
				IPHONEOS_DEPLOYMENT_TARGET = 9.0;
				LD_RUNPATH_SEARCH_PATHS = "$(inherited) @executable_path/Frameworks";
				PRODUCT_BUNDLE_IDENTIFIER = co.fieldapps.DiskFiller;
				PRODUCT_NAME = "$(TARGET_NAME)";
				SWIFT_VERSION = 3.0;
			};
			name = Release;
		};
/* End XCBuildConfiguration section */

/* Begin XCConfigurationList section */
		63361EBB1EC48C2F009CCA90 /* Build configuration list for PBXProject "DiskFiller" */ = {
			isa = XCConfigurationList;
			buildConfigurations = (
				63361ED01EC48C2F009CCA90 /* Debug */,
				63361ED11EC48C2F009CCA90 /* Release */,
			);
			defaultConfigurationIsVisible = 0;
			defaultConfigurationName = Release;
		};
		63361ED21EC48C2F009CCA90 /* Build configuration list for PBXNativeTarget "DiskFiller" */ = {
			isa = XCConfigurationList;
			buildConfigurations = (
				63361ED31EC48C2F009CCA90 /* Debug */,
				63361ED41EC48C2F009CCA90 /* Release */,
			);
			defaultConfigurationIsVisible = 0;
			defaultConfigurationName = Release;
		};
/* End XCConfigurationList section */
	};
	rootObject = 63361EB81EC48C2F009CCA90 /* Project object */;
}
